// !$*UTF8*$!
{
	archiveVersion = 1;
	classes = {
	};
	objectVersion = 50;
	objects = {

/* Begin PBXBuildFile section */
		5544CAD1226BE0C8003B9DA1 /* AppDelegate.swift in Sources */ = {isa = PBXBuildFile; fileRef = 5544CAD0226BE0C8003B9DA1 /* AppDelegate.swift */; };
		5544CAD3226BE0C9003B9DA1 /* ViewController.swift in Sources */ = {isa = PBXBuildFile; fileRef = 5544CAD2226BE0C9003B9DA1 /* ViewController.swift */; };
		5544CAD6226BE0C9003B9DA1 /* Main.storyboard in Resources */ = {isa = PBXBuildFile; fileRef = 5544CAD4226BE0C9003B9DA1 /* Main.storyboard */; };
		5544CAD8226BE0CA003B9DA1 /* Assets.xcassets in Resources */ = {isa = PBXBuildFile; fileRef = 5544CAD7226BE0CA003B9DA1 /* Assets.xcassets */; };
		5544CADB226BE0CA003B9DA1 /* LaunchScreen.storyboard in Resources */ = {isa = PBXBuildFile; fileRef = 5544CAD9226BE0CA003B9DA1 /* LaunchScreen.storyboard */; };
		5544CAE6226BE0CB003B9DA1 /* IPITests.swift in Sources */ = {isa = PBXBuildFile; fileRef = 5544CAE5226BE0CB003B9DA1 /* IPITests.swift */; };
		5544CAF1226BE0CB003B9DA1 /* IPIUITests.swift in Sources */ = {isa = PBXBuildFile; fileRef = 5544CAF0226BE0CB003B9DA1 /* IPIUITests.swift */; };
/* End PBXBuildFile section */

/* Begin PBXContainerItemProxy section */
		5544CAE2226BE0CB003B9DA1 /* PBXContainerItemProxy */ = {
			isa = PBXContainerItemProxy;
			containerPortal = 5544CAC5226BE0C8003B9DA1 /* Project object */;
			proxyType = 1;
			remoteGlobalIDString = 5544CACC226BE0C8003B9DA1;
			remoteInfo = IPI;
		};
		5544CAED226BE0CB003B9DA1 /* PBXContainerItemProxy */ = {
			isa = PBXContainerItemProxy;
			containerPortal = 5544CAC5226BE0C8003B9DA1 /* Project object */;
			proxyType = 1;
			remoteGlobalIDString = 5544CACC226BE0C8003B9DA1;
			remoteInfo = IPI;
		};
/* End PBXContainerItemProxy section */

/* Begin PBXFileReference section */
		5544CACD226BE0C8003B9DA1 /* IPI.app */ = {isa = PBXFileReference; explicitFileType = wrapper.application; includeInIndex = 0; path = IPI.app; sourceTree = BUILT_PRODUCTS_DIR; };
		5544CAD0226BE0C8003B9DA1 /* AppDelegate.swift */ = {isa = PBXFileReference; lastKnownFileType = sourcecode.swift; path = AppDelegate.swift; sourceTree = "<group>"; };
		5544CAD2226BE0C9003B9DA1 /* ViewController.swift */ = {isa = PBXFileReference; lastKnownFileType = sourcecode.swift; path = ViewController.swift; sourceTree = "<group>"; };
		5544CAD5226BE0C9003B9DA1 /* Base */ = {isa = PBXFileReference; lastKnownFileType = file.storyboard; name = Base; path = Base.lproj/Main.storyboard; sourceTree = "<group>"; };
		5544CAD7226BE0CA003B9DA1 /* Assets.xcassets */ = {isa = PBXFileReference; lastKnownFileType = folder.assetcatalog; path = Assets.xcassets; sourceTree = "<group>"; };
		5544CADA226BE0CA003B9DA1 /* Base */ = {isa = PBXFileReference; lastKnownFileType = file.storyboard; name = Base; path = Base.lproj/LaunchScreen.storyboard; sourceTree = "<group>"; };
		5544CADC226BE0CA003B9DA1 /* Info.plist */ = {isa = PBXFileReference; lastKnownFileType = text.plist.xml; path = Info.plist; sourceTree = "<group>"; };
		5544CAE1226BE0CB003B9DA1 /* IPITests.xctest */ = {isa = PBXFileReference; explicitFileType = wrapper.cfbundle; includeInIndex = 0; path = IPITests.xctest; sourceTree = BUILT_PRODUCTS_DIR; };
		5544CAE5226BE0CB003B9DA1 /* IPITests.swift */ = {isa = PBXFileReference; lastKnownFileType = sourcecode.swift; path = IPITests.swift; sourceTree = "<group>"; };
		5544CAE7226BE0CB003B9DA1 /* Info.plist */ = {isa = PBXFileReference; lastKnownFileType = text.plist.xml; path = Info.plist; sourceTree = "<group>"; };
		5544CAEC226BE0CB003B9DA1 /* IPIUITests.xctest */ = {isa = PBXFileReference; explicitFileType = wrapper.cfbundle; includeInIndex = 0; path = IPIUITests.xctest; sourceTree = BUILT_PRODUCTS_DIR; };
		5544CAF0226BE0CB003B9DA1 /* IPIUITests.swift */ = {isa = PBXFileReference; lastKnownFileType = sourcecode.swift; path = IPIUITests.swift; sourceTree = "<group>"; };
		5544CAF2226BE0CB003B9DA1 /* Info.plist */ = {isa = PBXFileReference; lastKnownFileType = text.plist.xml; path = Info.plist; sourceTree = "<group>"; };
/* End PBXFileReference section */

/* Begin PBXFrameworksBuildPhase section */
		5544CACA226BE0C8003B9DA1 /* Frameworks */ = {
			isa = PBXFrameworksBuildPhase;
			buildActionMask = 2147483647;
			files = (
			);
			runOnlyForDeploymentPostprocessing = 0;
		};
		5544CADE226BE0CB003B9DA1 /* Frameworks */ = {
			isa = PBXFrameworksBuildPhase;
			buildActionMask = 2147483647;
			files = (
			);
			runOnlyForDeploymentPostprocessing = 0;
		};
		5544CAE9226BE0CB003B9DA1 /* Frameworks */ = {
			isa = PBXFrameworksBuildPhase;
			buildActionMask = 2147483647;
			files = (
			);
			runOnlyForDeploymentPostprocessing = 0;
		};
/* End PBXFrameworksBuildPhase section */

/* Begin PBXGroup section */
		5544CAC4226BE0C8003B9DA1 = {
			isa = PBXGroup;
			children = (
				5544CACF226BE0C8003B9DA1 /* IPI */,
				5544CAE4226BE0CB003B9DA1 /* IPITests */,
				5544CAEF226BE0CB003B9DA1 /* IPIUITests */,
				5544CACE226BE0C8003B9DA1 /* Products */,
			);
			sourceTree = "<group>";
		};
		5544CACE226BE0C8003B9DA1 /* Products */ = {
			isa = PBXGroup;
			children = (
				5544CACD226BE0C8003B9DA1 /* IPI.app */,
				5544CAE1226BE0CB003B9DA1 /* IPITests.xctest */,
				5544CAEC226BE0CB003B9DA1 /* IPIUITests.xctest */,
			);
			name = Products;
			sourceTree = "<group>";
		};
		5544CACF226BE0C8003B9DA1 /* IPI */ = {
			isa = PBXGroup;
			children = (
				5544CAD0226BE0C8003B9DA1 /* AppDelegate.swift */,
				5544CAD2226BE0C9003B9DA1 /* ViewController.swift */,
				5544CAD4226BE0C9003B9DA1 /* Main.storyboard */,
				5544CAD7226BE0CA003B9DA1 /* Assets.xcassets */,
				5544CAD9226BE0CA003B9DA1 /* LaunchScreen.storyboard */,
				5544CADC226BE0CA003B9DA1 /* Info.plist */,
			);
			path = IPI;
			sourceTree = "<group>";
		};
		5544CAE4226BE0CB003B9DA1 /* IPITests */ = {
			isa = PBXGroup;
			children = (
				5544CAE5226BE0CB003B9DA1 /* IPITests.swift */,
				5544CAE7226BE0CB003B9DA1 /* Info.plist */,
			);
			path = IPITests;
			sourceTree = "<group>";
		};
		5544CAEF226BE0CB003B9DA1 /* IPIUITests */ = {
			isa = PBXGroup;
			children = (
				5544CAF0226BE0CB003B9DA1 /* IPIUITests.swift */,
				5544CAF2226BE0CB003B9DA1 /* Info.plist */,
			);
			path = IPIUITests;
			sourceTree = "<group>";
		};
/* End PBXGroup section */

/* Begin PBXNativeTarget section */
		5544CACC226BE0C8003B9DA1 /* IPI */ = {
			isa = PBXNativeTarget;
			buildConfigurationList = 5544CAF5226BE0CB003B9DA1 /* Build configuration list for PBXNativeTarget "IPI" */;
			buildPhases = (
				5544CAC9226BE0C8003B9DA1 /* Sources */,
				5544CACA226BE0C8003B9DA1 /* Frameworks */,
				5544CACB226BE0C8003B9DA1 /* Resources */,
			);
			buildRules = (
			);
			dependencies = (
			);
			name = IPI;
			productName = IPI;
			productReference = 5544CACD226BE0C8003B9DA1 /* IPI.app */;
			productType = "com.apple.product-type.application";
		};
		5544CAE0226BE0CB003B9DA1 /* IPITests */ = {
			isa = PBXNativeTarget;
			buildConfigurationList = 5544CAF8226BE0CB003B9DA1 /* Build configuration list for PBXNativeTarget "IPITests" */;
			buildPhases = (
				5544CADD226BE0CB003B9DA1 /* Sources */,
				5544CADE226BE0CB003B9DA1 /* Frameworks */,
				5544CADF226BE0CB003B9DA1 /* Resources */,
			);
			buildRules = (
			);
			dependencies = (
				5544CAE3226BE0CB003B9DA1 /* PBXTargetDependency */,
			);
			name = IPITests;
			productName = IPITests;
			productReference = 5544CAE1226BE0CB003B9DA1 /* IPITests.xctest */;
			productType = "com.apple.product-type.bundle.unit-test";
		};
		5544CAEB226BE0CB003B9DA1 /* IPIUITests */ = {
			isa = PBXNativeTarget;
			buildConfigurationList = 5544CAFB226BE0CB003B9DA1 /* Build configuration list for PBXNativeTarget "IPIUITests" */;
			buildPhases = (
				5544CAE8226BE0CB003B9DA1 /* Sources */,
				5544CAE9226BE0CB003B9DA1 /* Frameworks */,
				5544CAEA226BE0CB003B9DA1 /* Resources */,
			);
			buildRules = (
			);
			dependencies = (
				5544CAEE226BE0CB003B9DA1 /* PBXTargetDependency */,
			);
			name = IPIUITests;
			productName = IPIUITests;
			productReference = 5544CAEC226BE0CB003B9DA1 /* IPIUITests.xctest */;
			productType = "com.apple.product-type.bundle.ui-testing";
		};
/* End PBXNativeTarget section */

/* Begin PBXProject section */
		5544CAC5226BE0C8003B9DA1 /* Project object */ = {
			isa = PBXProject;
			attributes = {
				LastSwiftUpdateCheck = 1010;
				LastUpgradeCheck = 1010;
				TargetAttributes = {
					5544CACC226BE0C8003B9DA1 = {
						CreatedOnToolsVersion = 10.1;
					};
					5544CAE0226BE0CB003B9DA1 = {
						CreatedOnToolsVersion = 10.1;
						TestTargetID = 5544CACC226BE0C8003B9DA1;
					};
					5544CAEB226BE0CB003B9DA1 = {
						CreatedOnToolsVersion = 10.1;
						TestTargetID = 5544CACC226BE0C8003B9DA1;
					};
				};
			};
			buildConfigurationList = 5544CAC8226BE0C8003B9DA1 /* Build configuration list for PBXProject "IPI" */;
			compatibilityVersion = "Xcode 9.3";
			developmentRegion = en;
			hasScannedForEncodings = 0;
			knownRegions = (
				en,
				Base,
			);
			mainGroup = 5544CAC4226BE0C8003B9DA1;
			productRefGroup = 5544CACE226BE0C8003B9DA1 /* Products */;
			projectDirPath = "";
			projectRoot = "";
			targets = (
				5544CACC226BE0C8003B9DA1 /* IPI */,
				5544CAE0226BE0CB003B9DA1 /* IPITests */,
				5544CAEB226BE0CB003B9DA1 /* IPIUITests */,
			);
		};
/* End PBXProject section */

/* Begin PBXResourcesBuildPhase section */
		5544CACB226BE0C8003B9DA1 /* Resources */ = {
			isa = PBXResourcesBuildPhase;
			buildActionMask = 2147483647;
			files = (
				5544CADB226BE0CA003B9DA1 /* LaunchScreen.storyboard in Resources */,
				5544CAD8226BE0CA003B9DA1 /* Assets.xcassets in Resources */,
				5544CAD6226BE0C9003B9DA1 /* Main.storyboard in Resources */,
			);
			runOnlyForDeploymentPostprocessing = 0;
		};
		5544CADF226BE0CB003B9DA1 /* Resources */ = {
			isa = PBXResourcesBuildPhase;
			buildActionMask = 2147483647;
			files = (
			);
			runOnlyForDeploymentPostprocessing = 0;
		};
		5544CAEA226BE0CB003B9DA1 /* Resources */ = {
			isa = PBXResourcesBuildPhase;
			buildActionMask = 2147483647;
			files = (
			);
			runOnlyForDeploymentPostprocessing = 0;
		};
/* End PBXResourcesBuildPhase section */

/* Begin PBXSourcesBuildPhase section */
		5544CAC9226BE0C8003B9DA1 /* Sources */ = {
			isa = PBXSourcesBuildPhase;
			buildActionMask = 2147483647;
			files = (
				5544CAD3226BE0C9003B9DA1 /* ViewController.swift in Sources */,
				5544CAD1226BE0C8003B9DA1 /* AppDelegate.swift in Sources */,
			);
			runOnlyForDeploymentPostprocessing = 0;
		};
		5544CADD226BE0CB003B9DA1 /* Sources */ = {
			isa = PBXSourcesBuildPhase;
			buildActionMask = 2147483647;
			files = (
				5544CAE6226BE0CB003B9DA1 /* IPITests.swift in Sources */,
			);
			runOnlyForDeploymentPostprocessing = 0;
		};
		5544CAE8226BE0CB003B9DA1 /* Sources */ = {
			isa = PBXSourcesBuildPhase;
			buildActionMask = 2147483647;
			files = (
				5544CAF1226BE0CB003B9DA1 /* IPIUITests.swift in Sources */,
			);
			runOnlyForDeploymentPostprocessing = 0;
		};
/* End PBXSourcesBuildPhase section */

/* Begin PBXTargetDependency section */
		5544CAE3226BE0CB003B9DA1 /* PBXTargetDependency */ = {
			isa = PBXTargetDependency;
			target = 5544CACC226BE0C8003B9DA1 /* IPI */;
			targetProxy = 5544CAE2226BE0CB003B9DA1 /* PBXContainerItemProxy */;
		};
		5544CAEE226BE0CB003B9DA1 /* PBXTargetDependency */ = {
			isa = PBXTargetDependency;
			target = 5544CACC226BE0C8003B9DA1 /* IPI */;
			targetProxy = 5544CAED226BE0CB003B9DA1 /* PBXContainerItemProxy */;
		};
/* End PBXTargetDependency section */

/* Begin PBXVariantGroup section */
		5544CAD4226BE0C9003B9DA1 /* Main.storyboard */ = {
			isa = PBXVariantGroup;
			children = (
				5544CAD5226BE0C9003B9DA1 /* Base */,
			);
			name = Main.storyboard;
			sourceTree = "<group>";
		};
		5544CAD9226BE0CA003B9DA1 /* LaunchScreen.storyboard */ = {
			isa = PBXVariantGroup;
			children = (
				5544CADA226BE0CA003B9DA1 /* Base */,
			);
			name = LaunchScreen.storyboard;
			sourceTree = "<group>";
		};
/* End PBXVariantGroup section */

/* Begin XCBuildConfiguration section */
		5544CAF3226BE0CB003B9DA1 /* Debug */ = {
			isa = XCBuildConfiguration;
			buildSettings = {
				ALWAYS_SEARCH_USER_PATHS = NO;
				CLANG_ANALYZER_NONNULL = YES;
				CLANG_ANALYZER_NUMBER_OBJECT_CONVERSION = YES_AGGRESSIVE;
				CLANG_CXX_LANGUAGE_STANDARD = "gnu++14";
				CLANG_CXX_LIBRARY = "libc++";
				CLANG_ENABLE_MODULES = YES;
				CLANG_ENABLE_OBJC_ARC = YES;
				CLANG_ENABLE_OBJC_WEAK = YES;
				CLANG_WARN_BLOCK_CAPTURE_AUTORELEASING = YES;
				CLANG_WARN_BOOL_CONVERSION = YES;
				CLANG_WARN_COMMA = YES;
				CLANG_WARN_CONSTANT_CONVERSION = YES;
				CLANG_WARN_DEPRECATED_OBJC_IMPLEMENTATIONS = YES;
				CLANG_WARN_DIRECT_OBJC_ISA_USAGE = YES_ERROR;
				CLANG_WARN_DOCUMENTATION_COMMENTS = YES;
				CLANG_WARN_EMPTY_BODY = YES;
				CLANG_WARN_ENUM_CONVERSION = YES;
				CLANG_WARN_INFINITE_RECURSION = YES;
				CLANG_WARN_INT_CONVERSION = YES;
				CLANG_WARN_NON_LITERAL_NULL_CONVERSION = YES;
				CLANG_WARN_OBJC_IMPLICIT_RETAIN_SELF = YES;
				CLANG_WARN_OBJC_LITERAL_CONVERSION = YES;
				CLANG_WARN_OBJC_ROOT_CLASS = YES_ERROR;
				CLANG_WARN_RANGE_LOOP_ANALYSIS = YES;
				CLANG_WARN_STRICT_PROTOTYPES = YES;
				CLANG_WARN_SUSPICIOUS_MOVE = YES;
				CLANG_WARN_UNGUARDED_AVAILABILITY = YES_AGGRESSIVE;
				CLANG_WARN_UNREACHABLE_CODE = YES;
				CLANG_WARN__DUPLICATE_METHOD_MATCH = YES;
				CODE_SIGN_IDENTITY = "iPhone Developer";
				COPY_PHASE_STRIP = NO;
				DEBUG_INFORMATION_FORMAT = dwarf;
				ENABLE_STRICT_OBJC_MSGSEND = YES;
				ENABLE_TESTABILITY = YES;
				GCC_C_LANGUAGE_STANDARD = gnu11;
				GCC_DYNAMIC_NO_PIC = NO;
				GCC_NO_COMMON_BLOCKS = YES;
				GCC_OPTIMIZATION_LEVEL = 0;
				GCC_PREPROCESSOR_DEFINITIONS = (
					"DEBUG=1",
					"$(inherited)",
				);
				GCC_WARN_64_TO_32_BIT_CONVERSION = YES;
				GCC_WARN_ABOUT_RETURN_TYPE = YES_ERROR;
				GCC_WARN_UNDECLARED_SELECTOR = YES;
				GCC_WARN_UNINITIALIZED_AUTOS = YES_AGGRESSIVE;
				GCC_WARN_UNUSED_FUNCTION = YES;
				GCC_WARN_UNUSED_VARIABLE = YES;
				IPHONEOS_DEPLOYMENT_TARGET = 12.1;
				MTL_ENABLE_DEBUG_INFO = INCLUDE_SOURCE;
				MTL_FAST_MATH = YES;
				ONLY_ACTIVE_ARCH = YES;
				SDKROOT = iphoneos;
				SWIFT_ACTIVE_COMPILATION_CONDITIONS = DEBUG;
				SWIFT_OPTIMIZATION_LEVEL = "-Onone";
			};
			name = Debug;
		};
		5544CAF4226BE0CB003B9DA1 /* Release */ = {
			isa = XCBuildConfiguration;
			buildSettings = {
				ALWAYS_SEARCH_USER_PATHS = NO;
				CLANG_ANALYZER_NONNULL = YES;
				CLANG_ANALYZER_NUMBER_OBJECT_CONVERSION = YES_AGGRESSIVE;
				CLANG_CXX_LANGUAGE_STANDARD = "gnu++14";
				CLANG_CXX_LIBRARY = "libc++";
				CLANG_ENABLE_MODULES = YES;
				CLANG_ENABLE_OBJC_ARC = YES;
				CLANG_ENABLE_OBJC_WEAK = YES;
				CLANG_WARN_BLOCK_CAPTURE_AUTORELEASING = YES;
				CLANG_WARN_BOOL_CONVERSION = YES;
				CLANG_WARN_COMMA = YES;
				CLANG_WARN_CONSTANT_CONVERSION = YES;
				CLANG_WARN_DEPRECATED_OBJC_IMPLEMENTATIONS = YES;
				CLANG_WARN_DIRECT_OBJC_ISA_USAGE = YES_ERROR;
				CLANG_WARN_DOCUMENTATION_COMMENTS = YES;
				CLANG_WARN_EMPTY_BODY = YES;
				CLANG_WARN_ENUM_CONVERSION = YES;
				CLANG_WARN_INFINITE_RECURSION = YES;
				CLANG_WARN_INT_CONVERSION = YES;
				CLANG_WARN_NON_LITERAL_NULL_CONVERSION = YES;
				CLANG_WARN_OBJC_IMPLICIT_RETAIN_SELF = YES;
				CLANG_WARN_OBJC_LITERAL_CONVERSION = YES;
				CLANG_WARN_OBJC_ROOT_CLASS = YES_ERROR;
				CLANG_WARN_RANGE_LOOP_ANALYSIS = YES;
				CLANG_WARN_STRICT_PROTOTYPES = YES;
				CLANG_WARN_SUSPICIOUS_MOVE = YES;
				CLANG_WARN_UNGUARDED_AVAILABILITY = YES_AGGRESSIVE;
				CLANG_WARN_UNREACHABLE_CODE = YES;
				CLANG_WARN__DUPLICATE_METHOD_MATCH = YES;
				CODE_SIGN_IDENTITY = "iPhone Developer";
				COPY_PHASE_STRIP = NO;
				DEBUG_INFORMATION_FORMAT = "dwarf-with-dsym";
				ENABLE_NS_ASSERTIONS = NO;
				ENABLE_STRICT_OBJC_MSGSEND = YES;
				GCC_C_LANGUAGE_STANDARD = gnu11;
				GCC_NO_COMMON_BLOCKS = YES;
				GCC_WARN_64_TO_32_BIT_CONVERSION = YES;
				GCC_WARN_ABOUT_RETURN_TYPE = YES_ERROR;
				GCC_WARN_UNDECLARED_SELECTOR = YES;
				GCC_WARN_UNINITIALIZED_AUTOS = YES_AGGRESSIVE;
				GCC_WARN_UNUSED_FUNCTION = YES;
				GCC_WARN_UNUSED_VARIABLE = YES;
				IPHONEOS_DEPLOYMENT_TARGET = 12.1;
				MTL_ENABLE_DEBUG_INFO = NO;
				MTL_FAST_MATH = YES;
				SDKROOT = iphoneos;
				SWIFT_COMPILATION_MODE = wholemodule;
				SWIFT_OPTIMIZATION_LEVEL = "-O";
				VALIDATE_PRODUCT = YES;
			};
			name = Release;
		};
		5544CAF6226BE0CB003B9DA1 /* Debug */ = {
			isa = XCBuildConfiguration;
			buildSettings = {
				ASSETCATALOG_COMPILER_APPICON_NAME = AppIcon;
				CODE_SIGN_STYLE = Automatic;
				DEVELOPMENT_TEAM = 9BW657YPDR;
				INFOPLIST_FILE = IPI/Info.plist;
				LD_RUNPATH_SEARCH_PATHS = (
					"$(inherited)",
					"@executable_path/Frameworks",
				);
				PRODUCT_BUNDLE_IDENTIFIER = co.org.nrc.conse.IPI;
				PRODUCT_NAME = "$(TARGET_NAME)";
				SWIFT_VERSION = 4.2;
				TARGETED_DEVICE_FAMILY = "1,2";
			};
			name = Debug;
		};
		5544CAF7226BE0CB003B9DA1 /* Release */ = {
			isa = XCBuildConfiguration;
			buildSettings = {
				ASSETCATALOG_COMPILER_APPICON_NAME = AppIcon;
				CODE_SIGN_STYLE = Automatic;
				DEVELOPMENT_TEAM = 9BW657YPDR;
				INFOPLIST_FILE = IPI/Info.plist;
				LD_RUNPATH_SEARCH_PATHS = (
					"$(inherited)",
					"@executable_path/Frameworks",
				);
				PRODUCT_BUNDLE_IDENTIFIER = co.org.nrc.conse.IPI;
				PRODUCT_NAME = "$(TARGET_NAME)";
				SWIFT_VERSION = 4.2;
				TARGETED_DEVICE_FAMILY = "1,2";
			};
			name = Release;
		};
		5544CAF9226BE0CB003B9DA1 /* Debug */ = {
			isa = XCBuildConfiguration;
			buildSettings = {
				ALWAYS_EMBED_SWIFT_STANDARD_LIBRARIES = YES;
				BUNDLE_LOADER = "$(TEST_HOST)";
				CODE_SIGN_STYLE = Automatic;
				DEVELOPMENT_TEAM = 9BW657YPDR;
				INFOPLIST_FILE = IPITests/Info.plist;
				LD_RUNPATH_SEARCH_PATHS = (
					"$(inherited)",
					"@executable_path/Frameworks",
					"@loader_path/Frameworks",
				);
				PRODUCT_BUNDLE_IDENTIFIER = co.org.nrc.conse.IPITests;
				PRODUCT_NAME = "$(TARGET_NAME)";
				SWIFT_VERSION = 4.2;
				TARGETED_DEVICE_FAMILY = "1,2";
				TEST_HOST = "$(BUILT_PRODUCTS_DIR)/IPI.app/IPI";
			};
			name = Debug;
		};
		5544CAFA226BE0CB003B9DA1 /* Release */ = {
			isa = XCBuildConfiguration;
			buildSettings = {
				ALWAYS_EMBED_SWIFT_STANDARD_LIBRARIES = YES;
				BUNDLE_LOADER = "$(TEST_HOST)";
				CODE_SIGN_STYLE = Automatic;
				DEVELOPMENT_TEAM = 9BW657YPDR;
				INFOPLIST_FILE = IPITests/Info.plist;
				LD_RUNPATH_SEARCH_PATHS = (
					"$(inherited)",
					"@executable_path/Frameworks",
					"@loader_path/Frameworks",
				);
				PRODUCT_BUNDLE_IDENTIFIER = co.org.nrc.conse.IPITests;
				PRODUCT_NAME = "$(TARGET_NAME)";
				SWIFT_VERSION = 4.2;
				TARGETED_DEVICE_FAMILY = "1,2";
				TEST_HOST = "$(BUILT_PRODUCTS_DIR)/IPI.app/IPI";
			};
			name = Release;
		};
		5544CAFC226BE0CB003B9DA1 /* Debug */ = {
			isa = XCBuildConfiguration;
			buildSettings = {
				ALWAYS_EMBED_SWIFT_STANDARD_LIBRARIES = YES;
				CODE_SIGN_STYLE = Automatic;
				DEVELOPMENT_TEAM = 9BW657YPDR;
				INFOPLIST_FILE = IPIUITests/Info.plist;
				LD_RUNPATH_SEARCH_PATHS = (
					"$(inherited)",
					"@executable_path/Frameworks",
					"@loader_path/Frameworks",
				);
				PRODUCT_BUNDLE_IDENTIFIER = co.org.nrc.conse.IPIUITests;
				PRODUCT_NAME = "$(TARGET_NAME)";
				SWIFT_VERSION = 4.2;
				TARGETED_DEVICE_FAMILY = "1,2";
				TEST_TARGET_NAME = IPI;
			};
			name = Debug;
		};
		5544CAFD226BE0CB003B9DA1 /* Release */ = {
			isa = XCBuildConfiguration;
			buildSettings = {
				ALWAYS_EMBED_SWIFT_STANDARD_LIBRARIES = YES;
				CODE_SIGN_STYLE = Automatic;
				DEVELOPMENT_TEAM = 9BW657YPDR;
				INFOPLIST_FILE = IPIUITests/Info.plist;
				LD_RUNPATH_SEARCH_PATHS = (
					"$(inherited)",
					"@executable_path/Frameworks",
					"@loader_path/Frameworks",
				);
				PRODUCT_BUNDLE_IDENTIFIER = co.org.nrc.conse.IPIUITests;
				PRODUCT_NAME = "$(TARGET_NAME)";
				SWIFT_VERSION = 4.2;
				TARGETED_DEVICE_FAMILY = "1,2";
				TEST_TARGET_NAME = IPI;
			};
			name = Release;
		};
/* End XCBuildConfiguration section */

/* Begin XCConfigurationList section */
		5544CAC8226BE0C8003B9DA1 /* Build configuration list for PBXProject "IPI" */ = {
			isa = XCConfigurationList;
			buildConfigurations = (
				5544CAF3226BE0CB003B9DA1 /* Debug */,
				5544CAF4226BE0CB003B9DA1 /* Release */,
			);
			defaultConfigurationIsVisible = 0;
			defaultConfigurationName = Release;
		};
		5544CAF5226BE0CB003B9DA1 /* Build configuration list for PBXNativeTarget "IPI" */ = {
			isa = XCConfigurationList;
			buildConfigurations = (
				5544CAF6226BE0CB003B9DA1 /* Debug */,
				5544CAF7226BE0CB003B9DA1 /* Release */,
			);
			defaultConfigurationIsVisible = 0;
			defaultConfigurationName = Release;
		};
		5544CAF8226BE0CB003B9DA1 /* Build configuration list for PBXNativeTarget "IPITests" */ = {
			isa = XCConfigurationList;
			buildConfigurations = (
				5544CAF9226BE0CB003B9DA1 /* Debug */,
				5544CAFA226BE0CB003B9DA1 /* Release */,
			);
			defaultConfigurationIsVisible = 0;
			defaultConfigurationName = Release;
		};
		5544CAFB226BE0CB003B9DA1 /* Build configuration list for PBXNativeTarget "IPIUITests" */ = {
			isa = XCConfigurationList;
			buildConfigurations = (
				5544CAFC226BE0CB003B9DA1 /* Debug */,
				5544CAFD226BE0CB003B9DA1 /* Release */,
			);
			defaultConfigurationIsVisible = 0;
			defaultConfigurationName = Release;
		};
/* End XCConfigurationList section */
	};
	rootObject = 5544CAC5226BE0C8003B9DA1 /* Project object */;
}
